
Microsoft Visual Studio Solution File, Format Version 12.00
# Visual Studio Version 16
VisualStudioVersion = 16.0.31624.102
MinimumVisualStudioVersion = 10.0.40219.1
Project("{FAE04EC0-301F-11D3-BF4B-00C04F79EFBC}") = "UserSignupLogin", "UserSignupLogin\UserSignupLogin.csproj", "{F8AAD830-A861-4883-9138-DC63F0F46B3E}"
EndProject
Global
	GlobalSection(SolutionConfigurationPlatforms) = preSolution
		Debug|Any CPU = Debug|Any CPU
		Release|Any CPU = Release|Any CPU
	EndGlobalSection
	GlobalSection(ProjectConfigurationPlatforms) = postSolution
		{F8AAD830-A861-4883-9138-DC63F0F46B3E}.Debug|Any CPU.ActiveCfg = Debug|Any CPU
		{F8AAD830-A861-4883-9138-DC63F0F46B3E}.Debug|Any CPU.Build.0 = Debug|Any CPU
		{F8AAD830-A861-4883-9138-DC63F0F46B3E}.Release|Any CPU.ActiveCfg = Release|Any CPU
		{F8AAD830-A861-4883-9138-DC63F0F46B3E}.Release|Any CPU.Build.0 = Release|Any CPU
	EndGlobalSection
	GlobalSection(SolutionProperties) = preSolution
		HideSolutionNode = FALSE
	EndGlobalSection
	GlobalSection(ExtensibilityGlobals) = postSolution
		SolutionGuid = {EFBA760C-3BD9-44EE-9707-A2852802324E}
	EndGlobalSection
EndGlobal
